
Microsoft Visual Studio Solution File, Format Version 12.00
# Visual Studio 15
VisualStudioVersion = 15.0.27703.2047
MinimumVisualStudioVersion = 10.0.40219.1
Project("{FAE04EC0-301F-11D3-BF4B-00C04F79EFBC}") = "Буква_т", "Буква_т\Буква_т.csproj", "{F1F95F2C-8EAE-48E6-ADB8-57DC36257F1A}"
EndProject
Project("{FAE04EC0-301F-11D3-BF4B-00C04F79EFBC}") = "Буква_т_tests", "Буква_т_tests\Буква_т_tests.csproj", "{654E91A1-F93D-4EF1-AE3D-D65BFD1EE2EC}"
EndProject
Global
	GlobalSection(SolutionConfigurationPlatforms) = preSolution
		Debug|Any CPU = Debug|Any CPU
		Release|Any CPU = Release|Any CPU
	EndGlobalSection
	GlobalSection(ProjectConfigurationPlatforms) = postSolution
		{F1F95F2C-8EAE-48E6-ADB8-57DC36257F1A}.Debug|Any CPU.ActiveCfg = Debug|Any CPU
		{F1F95F2C-8EAE-48E6-ADB8-57DC36257F1A}.Debug|Any CPU.Build.0 = Debug|Any CPU
		{F1F95F2C-8EAE-48E6-ADB8-57DC36257F1A}.Release|Any CPU.ActiveCfg = Release|Any CPU
		{F1F95F2C-8EAE-48E6-ADB8-57DC36257F1A}.Release|Any CPU.Build.0 = Release|Any CPU
		{654E91A1-F93D-4EF1-AE3D-D65BFD1EE2EC}.Debug|Any CPU.ActiveCfg = Debug|Any CPU
		{654E91A1-F93D-4EF1-AE3D-D65BFD1EE2EC}.Debug|Any CPU.Build.0 = Debug|Any CPU
		{654E91A1-F93D-4EF1-AE3D-D65BFD1EE2EC}.Release|Any CPU.ActiveCfg = Release|Any CPU
		{654E91A1-F93D-4EF1-AE3D-D65BFD1EE2EC}.Release|Any CPU.Build.0 = Release|Any CPU
	EndGlobalSection
	GlobalSection(SolutionProperties) = preSolution
		HideSolutionNode = FALSE
	EndGlobalSection
	GlobalSection(ExtensibilityGlobals) = postSolution
		SolutionGuid = {56685D20-3D53-44B1-B845-DADAF4198B31}
	EndGlobalSection
EndGlobal
